// !$*UTF8*$!
{
	archiveVersion = 1;
	classes = {
	};
	objectVersion = 50;
	objects = {

/* Begin PBXBuildFile section */
		38D86AD921C35451005ECA1E /* AppDelegate.swift in Sources */ = {isa = PBXBuildFile; fileRef = 38D86AD821C35451005ECA1E /* AppDelegate.swift */; };
		38D86ADE21C35451005ECA1E /* Main.storyboard in Resources */ = {isa = PBXBuildFile; fileRef = 38D86ADC21C35451005ECA1E /* Main.storyboard */; };
		38D86AE021C35453005ECA1E /* Assets.xcassets in Resources */ = {isa = PBXBuildFile; fileRef = 38D86ADF21C35453005ECA1E /* Assets.xcassets */; };
		38D86AE321C35453005ECA1E /* LaunchScreen.storyboard in Resources */ = {isa = PBXBuildFile; fileRef = 38D86AE121C35453005ECA1E /* LaunchScreen.storyboard */; };
		38D86AEB21C35735005ECA1E /* CruiseTheNewsTableViewController.swift in Sources */ = {isa = PBXBuildFile; fileRef = 38D86AEA21C35735005ECA1E /* CruiseTheNewsTableViewController.swift */; };
		38D86AED21C35747005ECA1E /* CruiseTheNewsDetailViewController.swift in Sources */ = {isa = PBXBuildFile; fileRef = 38D86AEC21C35747005ECA1E /* CruiseTheNewsDetailViewController.swift */; };
		38D86AF321C3586B005ECA1E /* NewsArticle.swift in Sources */ = {isa = PBXBuildFile; fileRef = 38D86AF221C3586B005ECA1E /* NewsArticle.swift */; };
		38D86AF621C359EF005ECA1E /* NewsArticleController.swift in Sources */ = {isa = PBXBuildFile; fileRef = 38D86AF521C359EF005ECA1E /* NewsArticleController.swift */; };
/* End PBXBuildFile section */

/* Begin PBXFileReference section */
		38D86AD521C35451005ECA1E /* CruiseTheNews.app */ = {isa = PBXFileReference; explicitFileType = wrapper.application; includeInIndex = 0; path = CruiseTheNews.app; sourceTree = BUILT_PRODUCTS_DIR; };
		38D86AD821C35451005ECA1E /* AppDelegate.swift */ = {isa = PBXFileReference; lastKnownFileType = sourcecode.swift; path = AppDelegate.swift; sourceTree = "<group>"; };
		38D86ADD21C35451005ECA1E /* Base */ = {isa = PBXFileReference; lastKnownFileType = file.storyboard; name = Base; path = Base.lproj/Main.storyboard; sourceTree = "<group>"; };
		38D86ADF21C35453005ECA1E /* Assets.xcassets */ = {isa = PBXFileReference; lastKnownFileType = folder.assetcatalog; path = Assets.xcassets; sourceTree = "<group>"; };
		38D86AE221C35453005ECA1E /* Base */ = {isa = PBXFileReference; lastKnownFileType = file.storyboard; name = Base; path = Base.lproj/LaunchScreen.storyboard; sourceTree = "<group>"; };
		38D86AE421C35453005ECA1E /* Info.plist */ = {isa = PBXFileReference; lastKnownFileType = text.plist.xml; path = Info.plist; sourceTree = "<group>"; };
		38D86AEA21C35735005ECA1E /* CruiseTheNewsTableViewController.swift */ = {isa = PBXFileReference; lastKnownFileType = sourcecode.swift; path = CruiseTheNewsTableViewController.swift; sourceTree = "<group>"; };
		38D86AEC21C35747005ECA1E /* CruiseTheNewsDetailViewController.swift */ = {isa = PBXFileReference; lastKnownFileType = sourcecode.swift; path = CruiseTheNewsDetailViewController.swift; sourceTree = "<group>"; };
		38D86AF221C3586B005ECA1E /* NewsArticle.swift */ = {isa = PBXFileReference; lastKnownFileType = sourcecode.swift; path = NewsArticle.swift; sourceTree = "<group>"; };
		38D86AF521C359EF005ECA1E /* NewsArticleController.swift */ = {isa = PBXFileReference; lastKnownFileType = sourcecode.swift; path = NewsArticleController.swift; sourceTree = "<group>"; };
/* End PBXFileReference section */

/* Begin PBXFrameworksBuildPhase section */
		38D86AD221C35451005ECA1E /* Frameworks */ = {
			isa = PBXFrameworksBuildPhase;
			buildActionMask = 2147483647;
			files = (
			);
			runOnlyForDeploymentPostprocessing = 0;
		};
/* End PBXFrameworksBuildPhase section */

/* Begin PBXGroup section */
		38D86ACC21C35451005ECA1E = {
			isa = PBXGroup;
			children = (
				38D86AD721C35451005ECA1E /* CruiseTheNews */,
				38D86AD621C35451005ECA1E /* Products */,
			);
			sourceTree = "<group>";
		};
		38D86AD621C35451005ECA1E /* Products */ = {
			isa = PBXGroup;
			children = (
				38D86AD521C35451005ECA1E /* CruiseTheNews.app */,
			);
			name = Products;
			sourceTree = "<group>";
		};
		38D86AD721C35451005ECA1E /* CruiseTheNews */ = {
			isa = PBXGroup;
			children = (
				38D86AF121C35854005ECA1E /* Models */,
				38D86AF421C3599D005ECA1E /* Controllers */,
				38D86AEF21C35773005ECA1E /* Storyboards */,
				38D86AEE21C35751005ECA1E /* View Controllers */,
				38D86AF021C3578E005ECA1E /* Resources */,
				38D86AE421C35453005ECA1E /* Info.plist */,
			);
			path = CruiseTheNews;
			sourceTree = "<group>";
		};
		38D86AEE21C35751005ECA1E /* View Controllers */ = {
			isa = PBXGroup;
			children = (
				38D86AEA21C35735005ECA1E /* CruiseTheNewsTableViewController.swift */,
				38D86AEC21C35747005ECA1E /* CruiseTheNewsDetailViewController.swift */,
			);
			path = "View Controllers";
			sourceTree = "<group>";
		};
		38D86AEF21C35773005ECA1E /* Storyboards */ = {
			isa = PBXGroup;
			children = (
				38D86AE121C35453005ECA1E /* LaunchScreen.storyboard */,
				38D86ADC21C35451005ECA1E /* Main.storyboard */,
			);
			path = Storyboards;
			sourceTree = "<group>";
		};
		38D86AF021C3578E005ECA1E /* Resources */ = {
			isa = PBXGroup;
			children = (
				38D86AD821C35451005ECA1E /* AppDelegate.swift */,
				38D86ADF21C35453005ECA1E /* Assets.xcassets */,
			);
			path = Resources;
			sourceTree = "<group>";
		};
		38D86AF121C35854005ECA1E /* Models */ = {
			isa = PBXGroup;
			children = (
				38D86AF221C3586B005ECA1E /* NewsArticle.swift */,
			);
			path = Models;
			sourceTree = "<group>";
		};
		38D86AF421C3599D005ECA1E /* Controllers */ = {
			isa = PBXGroup;
			children = (
				38D86AF521C359EF005ECA1E /* NewsArticleController.swift */,
			);
			path = Controllers;
			sourceTree = "<group>";
		};
/* End PBXGroup section */

/* Begin PBXNativeTarget section */
		38D86AD421C35451005ECA1E /* CruiseTheNews */ = {
			isa = PBXNativeTarget;
			buildConfigurationList = 38D86AE721C35453005ECA1E /* Build configuration list for PBXNativeTarget "CruiseTheNews" */;
			buildPhases = (
				38D86AD121C35451005ECA1E /* Sources */,
				38D86AD221C35451005ECA1E /* Frameworks */,
				38D86AD321C35451005ECA1E /* Resources */,
			);
			buildRules = (
			);
			dependencies = (
			);
			name = CruiseTheNews;
			productName = CruiseTheNews;
			productReference = 38D86AD521C35451005ECA1E /* CruiseTheNews.app */;
			productType = "com.apple.product-type.application";
		};
/* End PBXNativeTarget section */

/* Begin PBXProject section */
		38D86ACD21C35451005ECA1E /* Project object */ = {
			isa = PBXProject;
			attributes = {
				LastSwiftUpdateCheck = 1010;
				LastUpgradeCheck = 1010;
				ORGANIZATIONNAME = "Johnny Hicks";
				TargetAttributes = {
					38D86AD421C35451005ECA1E = {
						CreatedOnToolsVersion = 10.1;
					};
				};
			};
			buildConfigurationList = 38D86AD021C35451005ECA1E /* Build configuration list for PBXProject "CruiseTheNews" */;
			compatibilityVersion = "Xcode 9.3";
			developmentRegion = en;
			hasScannedForEncodings = 0;
			knownRegions = (
				en,
				Base,
			);
			mainGroup = 38D86ACC21C35451005ECA1E;
			productRefGroup = 38D86AD621C35451005ECA1E /* Products */;
			projectDirPath = "";
			projectRoot = "";
			targets = (
				38D86AD421C35451005ECA1E /* CruiseTheNews */,
			);
		};
/* End PBXProject section */

/* Begin PBXResourcesBuildPhase section */
		38D86AD321C35451005ECA1E /* Resources */ = {
			isa = PBXResourcesBuildPhase;
			buildActionMask = 2147483647;
			files = (
				38D86AE321C35453005ECA1E /* LaunchScreen.storyboard in Resources */,
				38D86AE021C35453005ECA1E /* Assets.xcassets in Resources */,
				38D86ADE21C35451005ECA1E /* Main.storyboard in Resources */,
			);
			runOnlyForDeploymentPostprocessing = 0;
		};
/* End PBXResourcesBuildPhase section */

/* Begin PBXSourcesBuildPhase section */
		38D86AD121C35451005ECA1E /* Sources */ = {
			isa = PBXSourcesBuildPhase;
			buildActionMask = 2147483647;
			files = (
				38D86AD921C35451005ECA1E /* AppDelegate.swift in Sources */,
				38D86AF321C3586B005ECA1E /* NewsArticle.swift in Sources */,
				38D86AED21C35747005ECA1E /* CruiseTheNewsDetailViewController.swift in Sources */,
				38D86AF621C359EF005ECA1E /* NewsArticleController.swift in Sources */,
				38D86AEB21C35735005ECA1E /* CruiseTheNewsTableViewController.swift in Sources */,
			);
			runOnlyForDeploymentPostprocessing = 0;
		};
/* End PBXSourcesBuildPhase section */

/* Begin PBXVariantGroup section */
		38D86ADC21C35451005ECA1E /* Main.storyboard */ = {
			isa = PBXVariantGroup;
			children = (
				38D86ADD21C35451005ECA1E /* Base */,
			);
			name = Main.storyboard;
			sourceTree = "<group>";
		};
		38D86AE121C35453005ECA1E /* LaunchScreen.storyboard */ = {
			isa = PBXVariantGroup;
			children = (
				38D86AE221C35453005ECA1E /* Base */,
			);
			name = LaunchScreen.storyboard;
			sourceTree = "<group>";
		};
/* End PBXVariantGroup section */

/* Begin XCBuildConfiguration section */
		38D86AE521C35453005ECA1E /* Debug */ = {
			isa = XCBuildConfiguration;
			buildSettings = {
				ALWAYS_SEARCH_USER_PATHS = NO;
				CLANG_ANALYZER_NONNULL = YES;
				CLANG_ANALYZER_NUMBER_OBJECT_CONVERSION = YES_AGGRESSIVE;
				CLANG_CXX_LANGUAGE_STANDARD = "gnu++14";
				CLANG_CXX_LIBRARY = "libc++";
				CLANG_ENABLE_MODULES = YES;
				CLANG_ENABLE_OBJC_ARC = YES;
				CLANG_ENABLE_OBJC_WEAK = YES;
				CLANG_WARN_BLOCK_CAPTURE_AUTORELEASING = YES;
				CLANG_WARN_BOOL_CONVERSION = YES;
				CLANG_WARN_COMMA = YES;
				CLANG_WARN_CONSTANT_CONVERSION = YES;
				CLANG_WARN_DEPRECATED_OBJC_IMPLEMENTATIONS = YES;
				CLANG_WARN_DIRECT_OBJC_ISA_USAGE = YES_ERROR;
				CLANG_WARN_DOCUMENTATION_COMMENTS = YES;
				CLANG_WARN_EMPTY_BODY = YES;
				CLANG_WARN_ENUM_CONVERSION = YES;
				CLANG_WARN_INFINITE_RECURSION = YES;
				CLANG_WARN_INT_CONVERSION = YES;
				CLANG_WARN_NON_LITERAL_NULL_CONVERSION = YES;
				CLANG_WARN_OBJC_IMPLICIT_RETAIN_SELF = YES;
				CLANG_WARN_OBJC_LITERAL_CONVERSION = YES;
				CLANG_WARN_OBJC_ROOT_CLASS = YES_ERROR;
				CLANG_WARN_RANGE_LOOP_ANALYSIS = YES;
				CLANG_WARN_STRICT_PROTOTYPES = YES;
				CLANG_WARN_SUSPICIOUS_MOVE = YES;
				CLANG_WARN_UNGUARDED_AVAILABILITY = YES_AGGRESSIVE;
				CLANG_WARN_UNREACHABLE_CODE = YES;
				CLANG_WARN__DUPLICATE_METHOD_MATCH = YES;
				CODE_SIGN_IDENTITY = "iPhone Developer";
				COPY_PHASE_STRIP = NO;
				DEBUG_INFORMATION_FORMAT = dwarf;
				ENABLE_STRICT_OBJC_MSGSEND = YES;
				ENABLE_TESTABILITY = YES;
				GCC_C_LANGUAGE_STANDARD = gnu11;
				GCC_DYNAMIC_NO_PIC = NO;
				GCC_NO_COMMON_BLOCKS = YES;
				GCC_OPTIMIZATION_LEVEL = 0;
				GCC_PREPROCESSOR_DEFINITIONS = (
					"DEBUG=1",
					"$(inherited)",
				);
				GCC_WARN_64_TO_32_BIT_CONVERSION = YES;
				GCC_WARN_ABOUT_RETURN_TYPE = YES_ERROR;
				GCC_WARN_UNDECLARED_SELECTOR = YES;
				GCC_WARN_UNINITIALIZED_AUTOS = YES_AGGRESSIVE;
				GCC_WARN_UNUSED_FUNCTION = YES;
				GCC_WARN_UNUSED_VARIABLE = YES;
				IPHONEOS_DEPLOYMENT_TARGET = 12.1;
				MTL_ENABLE_DEBUG_INFO = INCLUDE_SOURCE;
				MTL_FAST_MATH = YES;
				ONLY_ACTIVE_ARCH = YES;
				SDKROOT = iphoneos;
				SWIFT_ACTIVE_COMPILATION_CONDITIONS = DEBUG;
				SWIFT_OPTIMIZATION_LEVEL = "-Onone";
			};
			name = Debug;
		};
		38D86AE621C35453005ECA1E /* Release */ = {
			isa = XCBuildConfiguration;
			buildSettings = {
				ALWAYS_SEARCH_USER_PATHS = NO;
				CLANG_ANALYZER_NONNULL = YES;
				CLANG_ANALYZER_NUMBER_OBJECT_CONVERSION = YES_AGGRESSIVE;
				CLANG_CXX_LANGUAGE_STANDARD = "gnu++14";
				CLANG_CXX_LIBRARY = "libc++";
				CLANG_ENABLE_MODULES = YES;
				CLANG_ENABLE_OBJC_ARC = YES;
				CLANG_ENABLE_OBJC_WEAK = YES;
				CLANG_WARN_BLOCK_CAPTURE_AUTORELEASING = YES;
				CLANG_WARN_BOOL_CONVERSION = YES;
				CLANG_WARN_COMMA = YES;
				CLANG_WARN_CONSTANT_CONVERSION = YES;
				CLANG_WARN_DEPRECATED_OBJC_IMPLEMENTATIONS = YES;
				CLANG_WARN_DIRECT_OBJC_ISA_USAGE = YES_ERROR;
				CLANG_WARN_DOCUMENTATION_COMMENTS = YES;
				CLANG_WARN_EMPTY_BODY = YES;
				CLANG_WARN_ENUM_CONVERSION = YES;
				CLANG_WARN_INFINITE_RECURSION = YES;
				CLANG_WARN_INT_CONVERSION = YES;
				CLANG_WARN_NON_LITERAL_NULL_CONVERSION = YES;
				CLANG_WARN_OBJC_IMPLICIT_RETAIN_SELF = YES;
				CLANG_WARN_OBJC_LITERAL_CONVERSION = YES;
				CLANG_WARN_OBJC_ROOT_CLASS = YES_ERROR;
				CLANG_WARN_RANGE_LOOP_ANALYSIS = YES;
				CLANG_WARN_STRICT_PROTOTYPES = YES;
				CLANG_WARN_SUSPICIOUS_MOVE = YES;
				CLANG_WARN_UNGUARDED_AVAILABILITY = YES_AGGRESSIVE;
				CLANG_WARN_UNREACHABLE_CODE = YES;
				CLANG_WARN__DUPLICATE_METHOD_MATCH = YES;
				CODE_SIGN_IDENTITY = "iPhone Developer";
				COPY_PHASE_STRIP = NO;
				DEBUG_INFORMATION_FORMAT = "dwarf-with-dsym";
				ENABLE_NS_ASSERTIONS = NO;
				ENABLE_STRICT_OBJC_MSGSEND = YES;
				GCC_C_LANGUAGE_STANDARD = gnu11;
				GCC_NO_COMMON_BLOCKS = YES;
				GCC_WARN_64_TO_32_BIT_CONVERSION = YES;
				GCC_WARN_ABOUT_RETURN_TYPE = YES_ERROR;
				GCC_WARN_UNDECLARED_SELECTOR = YES;
				GCC_WARN_UNINITIALIZED_AUTOS = YES_AGGRESSIVE;
				GCC_WARN_UNUSED_FUNCTION = YES;
				GCC_WARN_UNUSED_VARIABLE = YES;
				IPHONEOS_DEPLOYMENT_TARGET = 12.1;
				MTL_ENABLE_DEBUG_INFO = NO;
				MTL_FAST_MATH = YES;
				SDKROOT = iphoneos;
				SWIFT_COMPILATION_MODE = wholemodule;
				SWIFT_OPTIMIZATION_LEVEL = "-O";
				VALIDATE_PRODUCT = YES;
			};
			name = Release;
		};
		38D86AE821C35453005ECA1E /* Debug */ = {
			isa = XCBuildConfiguration;
			buildSettings = {
				ASSETCATALOG_COMPILER_APPICON_NAME = AppIcon;
				CODE_SIGN_STYLE = Automatic;
				INFOPLIST_FILE = CruiseTheNews/Info.plist;
				LD_RUNPATH_SEARCH_PATHS = (
					"$(inherited)",
					"@executable_path/Frameworks",
				);
				PRODUCT_BUNDLE_IDENTIFIER = com.johnhicks.CruiseTheNews;
				PRODUCT_NAME = "$(TARGET_NAME)";
				SWIFT_VERSION = 4.2;
				TARGETED_DEVICE_FAMILY = "1,2";
			};
			name = Debug;
		};
		38D86AE921C35453005ECA1E /* Release */ = {
			isa = XCBuildConfiguration;
			buildSettings = {
				ASSETCATALOG_COMPILER_APPICON_NAME = AppIcon;
				CODE_SIGN_STYLE = Automatic;
				INFOPLIST_FILE = CruiseTheNews/Info.plist;
				LD_RUNPATH_SEARCH_PATHS = (
					"$(inherited)",
					"@executable_path/Frameworks",
				);
				PRODUCT_BUNDLE_IDENTIFIER = com.johnhicks.CruiseTheNews;
				PRODUCT_NAME = "$(TARGET_NAME)";
				SWIFT_VERSION = 4.2;
				TARGETED_DEVICE_FAMILY = "1,2";
			};
			name = Release;
		};
/* End XCBuildConfiguration section */

/* Begin XCConfigurationList section */
		38D86AD021C35451005ECA1E /* Build configuration list for PBXProject "CruiseTheNews" */ = {
			isa = XCConfigurationList;
			buildConfigurations = (
				38D86AE521C35453005ECA1E /* Debug */,
				38D86AE621C35453005ECA1E /* Release */,
			);
			defaultConfigurationIsVisible = 0;
			defaultConfigurationName = Release;
		};
		38D86AE721C35453005ECA1E /* Build configuration list for PBXNativeTarget "CruiseTheNews" */ = {
			isa = XCConfigurationList;
			buildConfigurations = (
				38D86AE821C35453005ECA1E /* Debug */,
				38D86AE921C35453005ECA1E /* Release */,
			);
			defaultConfigurationIsVisible = 0;
			defaultConfigurationName = Release;
		};
/* End XCConfigurationList section */
	};
	rootObject = 38D86ACD21C35451005ECA1E /* Project object */;
}
